
Microsoft Visual Studio Solution File, Format Version 12.00
# Visual Studio 15
VisualStudioVersion = 15.0.27428.2015
MinimumVisualStudioVersion = 10.0.40219.1
Project("{8BC9CEB8-8B4A-11D0-8D11-00A0C91BC942}") = "Exercise 5", "Exercise 5\Exercise 5.vcxproj", "{F6F3DB4C-EB38-4484-9E0C-B3ACD782C11A}"
EndProject
Project("{8BC9CEB8-8B4A-11D0-8D11-00A0C91BC942}") = "Exercise 6", "Exercise 6\Exercise 6.vcxproj", "{08B95ED3-5736-4A0B-B262-23F8519095B6}"
EndProject
Global
	GlobalSection(SolutionConfigurationPlatforms) = preSolution
		Debug|x64 = Debug|x64
		Debug|x86 = Debug|x86
		Release|x64 = Release|x64
		Release|x86 = Release|x86
	EndGlobalSection
	GlobalSection(ProjectConfigurationPlatforms) = postSolution
		{F6F3DB4C-EB38-4484-9E0C-B3ACD782C11A}.Debug|x64.ActiveCfg = Debug|x64
		{F6F3DB4C-EB38-4484-9E0C-B3ACD782C11A}.Debug|x64.Build.0 = Debug|x64
		{F6F3DB4C-EB38-4484-9E0C-B3ACD782C11A}.Debug|x86.ActiveCfg = Debug|Win32
		{F6F3DB4C-EB38-4484-9E0C-B3ACD782C11A}.Debug|x86.Build.0 = Debug|Win32
		{F6F3DB4C-EB38-4484-9E0C-B3ACD782C11A}.Release|x64.ActiveCfg = Release|x64
		{F6F3DB4C-EB38-4484-9E0C-B3ACD782C11A}.Release|x64.Build.0 = Release|x64
		{F6F3DB4C-EB38-4484-9E0C-B3ACD782C11A}.Release|x86.ActiveCfg = Release|Win32
		{F6F3DB4C-EB38-4484-9E0C-B3ACD782C11A}.Release|x86.Build.0 = Release|Win32
		{08B95ED3-5736-4A0B-B262-23F8519095B6}.Debug|x64.ActiveCfg = Debug|x64
		{08B95ED3-5736-4A0B-B262-23F8519095B6}.Debug|x64.Build.0 = Debug|x64
		{08B95ED3-5736-4A0B-B262-23F8519095B6}.Debug|x86.ActiveCfg = Debug|Win32
		{08B95ED3-5736-4A0B-B262-23F8519095B6}.Debug|x86.Build.0 = Debug|Win32
		{08B95ED3-5736-4A0B-B262-23F8519095B6}.Release|x64.ActiveCfg = Release|x64
		{08B95ED3-5736-4A0B-B262-23F8519095B6}.Release|x64.Build.0 = Release|x64
		{08B95ED3-5736-4A0B-B262-23F8519095B6}.Release|x86.ActiveCfg = Release|Win32
		{08B95ED3-5736-4A0B-B262-23F8519095B6}.Release|x86.Build.0 = Release|Win32
	EndGlobalSection
	GlobalSection(SolutionProperties) = preSolution
		HideSolutionNode = FALSE
	EndGlobalSection
	GlobalSection(ExtensibilityGlobals) = postSolution
		SolutionGuid = {E489FB53-16FF-4DEE-9189-2C5B80073B62}
	EndGlobalSection
EndGlobal
