
Microsoft Visual Studio Solution File, Format Version 12.00
# Visual Studio 15
VisualStudioVersion = 15.0.27428.2015
MinimumVisualStudioVersion = 10.0.40219.1
Project("{8BC9CEB8-8B4A-11D0-8D11-00A0C91BC942}") = "Exercise 5", "Exercise 5\Exercise 5.vcxproj", "{F6F3DB4C-EB38-4484-9E0C-B3ACD782C11A}"
EndProject
Project("{8BC9CEB8-8B4A-11D0-8D11-00A0C91BC942}") = "Exercise 6", "Exercise 6\Exercise 6.vcxproj", "{08B95ED3-5736-4A0B-B262-23F8519095B6}"
EndProject
Project("{8BC9CEB8-8B4A-11D0-8D11-00A0C91BC942}") = "Exercise 1", "Exercise 1\Exercise 1.vcxproj", "{E053E0E0-DBA6-4150-A41F-F764AB94C85C}"
EndProject
Project("{8BC9CEB8-8B4A-11D0-8D11-00A0C91BC942}") = "Exercise 2", "Exercise 2\Exercise 2.vcxproj", "{42F32A47-7FA3-4B90-88D1-123B978189AF}"
EndProject
Project("{8BC9CEB8-8B4A-11D0-8D11-00A0C91BC942}") = "Exercise 3", "Exercise 3\Exercise 3.vcxproj", "{39726437-8A9A-4104-9700-2F8056FD1473}"
EndProject
Project("{8BC9CEB8-8B4A-11D0-8D11-00A0C91BC942}") = "Exercise 4", "Exercise 4\Exercise 4.vcxproj", "{D72603EE-9F67-48B0-A033-3E4A7B1C6FD7}"
EndProject
Project("{8BC9CEB8-8B4A-11D0-8D11-00A0C91BC942}") = "AdvancedC_1", "AdvancedC_1\AdvancedC_1.vcxproj", "{7DC30500-5CC3-4CEC-93E1-4CF7A2EDFD7A}"
EndProject
Project("{8BC9CEB8-8B4A-11D0-8D11-00A0C91BC942}") = "AdvancedC_2", "AdvancedC_2\AdvancedC_2.vcxproj", "{07560E46-CFB3-4B10-A212-2B2927FE66BC}"
EndProject
Project("{8BC9CEB8-8B4A-11D0-8D11-00A0C91BC942}") = "AdvancedC_3", "AdvancedC_3\AdvancedC_3.vcxproj", "{DB22754A-374B-4918-B799-5D0C8A3C72F9}"
EndProject
Project("{8BC9CEB8-8B4A-11D0-8D11-00A0C91BC942}") = "AdvancedC_4", "AdvancedC_4\AdvancedC_4.vcxproj", "{EF053296-54C4-47E7-9665-5694785FE1F1}"
EndProject
Project("{8BC9CEB8-8B4A-11D0-8D11-00A0C91BC942}") = "AdvancedC_5", "AdvancedC_5\AdvancedC_5.vcxproj", "{75675117-CAF0-40E6-846E-8A863523E949}"
EndProject
Project("{8BC9CEB8-8B4A-11D0-8D11-00A0C91BC942}") = "AdvancedC_6", "AdvancedC_6\AdvancedC_6.vcxproj", "{21D02ED8-DD27-47BE-A6FB-58DC9F8F1327}"
EndProject
Project("{8BC9CEB8-8B4A-11D0-8D11-00A0C91BC942}") = "AdvancedC_7", "AdvancedC_7\AdvancedC_7.vcxproj", "{08D84C42-64E1-4183-93E1-4311B09EAE1E}"
EndProject
Global
	GlobalSection(SolutionConfigurationPlatforms) = preSolution
		Debug|x64 = Debug|x64
		Debug|x86 = Debug|x86
		Release|x64 = Release|x64
		Release|x86 = Release|x86
	EndGlobalSection
	GlobalSection(ProjectConfigurationPlatforms) = postSolution
		{F6F3DB4C-EB38-4484-9E0C-B3ACD782C11A}.Debug|x64.ActiveCfg = Debug|x64
		{F6F3DB4C-EB38-4484-9E0C-B3ACD782C11A}.Debug|x64.Build.0 = Debug|x64
		{F6F3DB4C-EB38-4484-9E0C-B3ACD782C11A}.Debug|x86.ActiveCfg = Debug|Win32
		{F6F3DB4C-EB38-4484-9E0C-B3ACD782C11A}.Debug|x86.Build.0 = Debug|Win32
		{F6F3DB4C-EB38-4484-9E0C-B3ACD782C11A}.Release|x64.ActiveCfg = Release|x64
		{F6F3DB4C-EB38-4484-9E0C-B3ACD782C11A}.Release|x64.Build.0 = Release|x64
		{F6F3DB4C-EB38-4484-9E0C-B3ACD782C11A}.Release|x86.ActiveCfg = Release|Win32
		{F6F3DB4C-EB38-4484-9E0C-B3ACD782C11A}.Release|x86.Build.0 = Release|Win32
		{08B95ED3-5736-4A0B-B262-23F8519095B6}.Debug|x64.ActiveCfg = Debug|x64
		{08B95ED3-5736-4A0B-B262-23F8519095B6}.Debug|x64.Build.0 = Debug|x64
		{08B95ED3-5736-4A0B-B262-23F8519095B6}.Debug|x86.ActiveCfg = Debug|Win32
		{08B95ED3-5736-4A0B-B262-23F8519095B6}.Debug|x86.Build.0 = Debug|Win32
		{08B95ED3-5736-4A0B-B262-23F8519095B6}.Release|x64.ActiveCfg = Release|x64
		{08B95ED3-5736-4A0B-B262-23F8519095B6}.Release|x64.Build.0 = Release|x64
		{08B95ED3-5736-4A0B-B262-23F8519095B6}.Release|x86.ActiveCfg = Release|Win32
		{08B95ED3-5736-4A0B-B262-23F8519095B6}.Release|x86.Build.0 = Release|Win32
		{E053E0E0-DBA6-4150-A41F-F764AB94C85C}.Debug|x64.ActiveCfg = Debug|x64
		{E053E0E0-DBA6-4150-A41F-F764AB94C85C}.Debug|x64.Build.0 = Debug|x64
		{E053E0E0-DBA6-4150-A41F-F764AB94C85C}.Debug|x86.ActiveCfg = Debug|Win32
		{E053E0E0-DBA6-4150-A41F-F764AB94C85C}.Debug|x86.Build.0 = Debug|Win32
		{E053E0E0-DBA6-4150-A41F-F764AB94C85C}.Release|x64.ActiveCfg = Release|x64
		{E053E0E0-DBA6-4150-A41F-F764AB94C85C}.Release|x64.Build.0 = Release|x64
		{E053E0E0-DBA6-4150-A41F-F764AB94C85C}.Release|x86.ActiveCfg = Release|Win32
		{E053E0E0-DBA6-4150-A41F-F764AB94C85C}.Release|x86.Build.0 = Release|Win32
		{42F32A47-7FA3-4B90-88D1-123B978189AF}.Debug|x64.ActiveCfg = Debug|x64
		{42F32A47-7FA3-4B90-88D1-123B978189AF}.Debug|x64.Build.0 = Debug|x64
		{42F32A47-7FA3-4B90-88D1-123B978189AF}.Debug|x86.ActiveCfg = Debug|Win32
		{42F32A47-7FA3-4B90-88D1-123B978189AF}.Debug|x86.Build.0 = Debug|Win32
		{42F32A47-7FA3-4B90-88D1-123B978189AF}.Release|x64.ActiveCfg = Release|x64
		{42F32A47-7FA3-4B90-88D1-123B978189AF}.Release|x64.Build.0 = Release|x64
		{42F32A47-7FA3-4B90-88D1-123B978189AF}.Release|x86.ActiveCfg = Release|Win32
		{42F32A47-7FA3-4B90-88D1-123B978189AF}.Release|x86.Build.0 = Release|Win32
		{39726437-8A9A-4104-9700-2F8056FD1473}.Debug|x64.ActiveCfg = Debug|x64
		{39726437-8A9A-4104-9700-2F8056FD1473}.Debug|x64.Build.0 = Debug|x64
		{39726437-8A9A-4104-9700-2F8056FD1473}.Debug|x86.ActiveCfg = Debug|Win32
		{39726437-8A9A-4104-9700-2F8056FD1473}.Debug|x86.Build.0 = Debug|Win32
		{39726437-8A9A-4104-9700-2F8056FD1473}.Release|x64.ActiveCfg = Release|x64
		{39726437-8A9A-4104-9700-2F8056FD1473}.Release|x64.Build.0 = Release|x64
		{39726437-8A9A-4104-9700-2F8056FD1473}.Release|x86.ActiveCfg = Release|Win32
		{39726437-8A9A-4104-9700-2F8056FD1473}.Release|x86.Build.0 = Release|Win32
		{D72603EE-9F67-48B0-A033-3E4A7B1C6FD7}.Debug|x64.ActiveCfg = Debug|x64
		{D72603EE-9F67-48B0-A033-3E4A7B1C6FD7}.Debug|x64.Build.0 = Debug|x64
		{D72603EE-9F67-48B0-A033-3E4A7B1C6FD7}.Debug|x86.ActiveCfg = Debug|Win32
		{D72603EE-9F67-48B0-A033-3E4A7B1C6FD7}.Debug|x86.Build.0 = Debug|Win32
		{D72603EE-9F67-48B0-A033-3E4A7B1C6FD7}.Release|x64.ActiveCfg = Release|x64
		{D72603EE-9F67-48B0-A033-3E4A7B1C6FD7}.Release|x64.Build.0 = Release|x64
		{D72603EE-9F67-48B0-A033-3E4A7B1C6FD7}.Release|x86.ActiveCfg = Release|Win32
		{D72603EE-9F67-48B0-A033-3E4A7B1C6FD7}.Release|x86.Build.0 = Release|Win32
		{7DC30500-5CC3-4CEC-93E1-4CF7A2EDFD7A}.Debug|x64.ActiveCfg = Debug|x64
		{7DC30500-5CC3-4CEC-93E1-4CF7A2EDFD7A}.Debug|x64.Build.0 = Debug|x64
		{7DC30500-5CC3-4CEC-93E1-4CF7A2EDFD7A}.Debug|x86.ActiveCfg = Debug|Win32
		{7DC30500-5CC3-4CEC-93E1-4CF7A2EDFD7A}.Debug|x86.Build.0 = Debug|Win32
		{7DC30500-5CC3-4CEC-93E1-4CF7A2EDFD7A}.Release|x64.ActiveCfg = Release|x64
		{7DC30500-5CC3-4CEC-93E1-4CF7A2EDFD7A}.Release|x64.Build.0 = Release|x64
		{7DC30500-5CC3-4CEC-93E1-4CF7A2EDFD7A}.Release|x86.ActiveCfg = Release|Win32
		{7DC30500-5CC3-4CEC-93E1-4CF7A2EDFD7A}.Release|x86.Build.0 = Release|Win32
		{07560E46-CFB3-4B10-A212-2B2927FE66BC}.Debug|x64.ActiveCfg = Debug|x64
		{07560E46-CFB3-4B10-A212-2B2927FE66BC}.Debug|x64.Build.0 = Debug|x64
		{07560E46-CFB3-4B10-A212-2B2927FE66BC}.Debug|x86.ActiveCfg = Debug|Win32
		{07560E46-CFB3-4B10-A212-2B2927FE66BC}.Debug|x86.Build.0 = Debug|Win32
		{07560E46-CFB3-4B10-A212-2B2927FE66BC}.Release|x64.ActiveCfg = Release|x64
		{07560E46-CFB3-4B10-A212-2B2927FE66BC}.Release|x64.Build.0 = Release|x64
		{07560E46-CFB3-4B10-A212-2B2927FE66BC}.Release|x86.ActiveCfg = Release|Win32
		{07560E46-CFB3-4B10-A212-2B2927FE66BC}.Release|x86.Build.0 = Release|Win32
		{DB22754A-374B-4918-B799-5D0C8A3C72F9}.Debug|x64.ActiveCfg = Debug|x64
		{DB22754A-374B-4918-B799-5D0C8A3C72F9}.Debug|x64.Build.0 = Debug|x64
		{DB22754A-374B-4918-B799-5D0C8A3C72F9}.Debug|x86.ActiveCfg = Debug|Win32
		{DB22754A-374B-4918-B799-5D0C8A3C72F9}.Debug|x86.Build.0 = Debug|Win32
		{DB22754A-374B-4918-B799-5D0C8A3C72F9}.Release|x64.ActiveCfg = Release|x64
		{DB22754A-374B-4918-B799-5D0C8A3C72F9}.Release|x64.Build.0 = Release|x64
		{DB22754A-374B-4918-B799-5D0C8A3C72F9}.Release|x86.ActiveCfg = Release|Win32
		{DB22754A-374B-4918-B799-5D0C8A3C72F9}.Release|x86.Build.0 = Release|Win32
		{EF053296-54C4-47E7-9665-5694785FE1F1}.Debug|x64.ActiveCfg = Debug|x64
		{EF053296-54C4-47E7-9665-5694785FE1F1}.Debug|x64.Build.0 = Debug|x64
		{EF053296-54C4-47E7-9665-5694785FE1F1}.Debug|x86.ActiveCfg = Debug|Win32
		{EF053296-54C4-47E7-9665-5694785FE1F1}.Debug|x86.Build.0 = Debug|Win32
		{EF053296-54C4-47E7-9665-5694785FE1F1}.Release|x64.ActiveCfg = Release|x64
		{EF053296-54C4-47E7-9665-5694785FE1F1}.Release|x64.Build.0 = Release|x64
		{EF053296-54C4-47E7-9665-5694785FE1F1}.Release|x86.ActiveCfg = Release|Win32
		{EF053296-54C4-47E7-9665-5694785FE1F1}.Release|x86.Build.0 = Release|Win32
		{75675117-CAF0-40E6-846E-8A863523E949}.Debug|x64.ActiveCfg = Debug|x64
		{75675117-CAF0-40E6-846E-8A863523E949}.Debug|x64.Build.0 = Debug|x64
		{75675117-CAF0-40E6-846E-8A863523E949}.Debug|x86.ActiveCfg = Debug|Win32
		{75675117-CAF0-40E6-846E-8A863523E949}.Debug|x86.Build.0 = Debug|Win32
		{75675117-CAF0-40E6-846E-8A863523E949}.Release|x64.ActiveCfg = Release|x64
		{75675117-CAF0-40E6-846E-8A863523E949}.Release|x64.Build.0 = Release|x64
		{75675117-CAF0-40E6-846E-8A863523E949}.Release|x86.ActiveCfg = Release|Win32
		{75675117-CAF0-40E6-846E-8A863523E949}.Release|x86.Build.0 = Release|Win32
		{21D02ED8-DD27-47BE-A6FB-58DC9F8F1327}.Debug|x64.ActiveCfg = Debug|x64
		{21D02ED8-DD27-47BE-A6FB-58DC9F8F1327}.Debug|x64.Build.0 = Debug|x64
		{21D02ED8-DD27-47BE-A6FB-58DC9F8F1327}.Debug|x86.ActiveCfg = Debug|Win32
		{21D02ED8-DD27-47BE-A6FB-58DC9F8F1327}.Debug|x86.Build.0 = Debug|Win32
		{21D02ED8-DD27-47BE-A6FB-58DC9F8F1327}.Release|x64.ActiveCfg = Release|x64
		{21D02ED8-DD27-47BE-A6FB-58DC9F8F1327}.Release|x64.Build.0 = Release|x64
		{21D02ED8-DD27-47BE-A6FB-58DC9F8F1327}.Release|x86.ActiveCfg = Release|Win32
		{21D02ED8-DD27-47BE-A6FB-58DC9F8F1327}.Release|x86.Build.0 = Release|Win32
		{08D84C42-64E1-4183-93E1-4311B09EAE1E}.Debug|x64.ActiveCfg = Debug|x64
		{08D84C42-64E1-4183-93E1-4311B09EAE1E}.Debug|x64.Build.0 = Debug|x64
		{08D84C42-64E1-4183-93E1-4311B09EAE1E}.Debug|x86.ActiveCfg = Debug|Win32
		{08D84C42-64E1-4183-93E1-4311B09EAE1E}.Debug|x86.Build.0 = Debug|Win32
		{08D84C42-64E1-4183-93E1-4311B09EAE1E}.Release|x64.ActiveCfg = Release|x64
		{08D84C42-64E1-4183-93E1-4311B09EAE1E}.Release|x64.Build.0 = Release|x64
		{08D84C42-64E1-4183-93E1-4311B09EAE1E}.Release|x86.ActiveCfg = Release|Win32
		{08D84C42-64E1-4183-93E1-4311B09EAE1E}.Release|x86.Build.0 = Release|Win32
	EndGlobalSection
	GlobalSection(SolutionProperties) = preSolution
		HideSolutionNode = FALSE
	EndGlobalSection
	GlobalSection(ExtensibilityGlobals) = postSolution
		SolutionGuid = {E489FB53-16FF-4DEE-9189-2C5B80073B62}
	EndGlobalSection
EndGlobal
